
Microsoft Visual Studio Solution File, Format Version 12.00
# Visual Studio Version 16
VisualStudioVersion = 16.0.31019.35
MinimumVisualStudioVersion = 10.0.40219.1
Project("{9A19103F-16F7-4668-BE54-9A1E7A4F7556}") = "MiscCommands", "MiscCommands\MiscCommands.csproj", "{1B5CD0BC-B6E2-4E55-A976-65C407169214}"
EndProject
Project("{9A19103F-16F7-4668-BE54-9A1E7A4F7556}") = "ChatCommands", "ChatCommands\ChatCommands.csproj", "{3DE8F9FE-0BCC-43A8-8A4E-5C909257B2EC}"
EndProject
Project("{FAE04EC0-301F-11D3-BF4B-00C04F79EFBC}") = "FunctionsAPI", "FunctionsAPI\FunctionsAPI.csproj", "{22747507-4455-4181-BCC8-7832C337C40E}"
EndProject
Global
	GlobalSection(SolutionConfigurationPlatforms) = preSolution
		Debug|Any CPU = Debug|Any CPU
		Release|Any CPU = Release|Any CPU
	EndGlobalSection
	GlobalSection(ProjectConfigurationPlatforms) = postSolution
		{1B5CD0BC-B6E2-4E55-A976-65C407169214}.Debug|Any CPU.ActiveCfg = Debug|Any CPU
		{1B5CD0BC-B6E2-4E55-A976-65C407169214}.Debug|Any CPU.Build.0 = Debug|Any CPU
		{1B5CD0BC-B6E2-4E55-A976-65C407169214}.Release|Any CPU.ActiveCfg = Release|Any CPU
		{1B5CD0BC-B6E2-4E55-A976-65C407169214}.Release|Any CPU.Build.0 = Release|Any CPU
		{3DE8F9FE-0BCC-43A8-8A4E-5C909257B2EC}.Debug|Any CPU.ActiveCfg = Debug|Any CPU
		{3DE8F9FE-0BCC-43A8-8A4E-5C909257B2EC}.Debug|Any CPU.Build.0 = Debug|Any CPU
		{3DE8F9FE-0BCC-43A8-8A4E-5C909257B2EC}.Release|Any CPU.ActiveCfg = Release|Any CPU
		{3DE8F9FE-0BCC-43A8-8A4E-5C909257B2EC}.Release|Any CPU.Build.0 = Release|Any CPU
		{22747507-4455-4181-BCC8-7832C337C40E}.Debug|Any CPU.ActiveCfg = Debug|Any CPU
		{22747507-4455-4181-BCC8-7832C337C40E}.Debug|Any CPU.Build.0 = Debug|Any CPU
		{22747507-4455-4181-BCC8-7832C337C40E}.Release|Any CPU.ActiveCfg = Release|Any CPU
		{22747507-4455-4181-BCC8-7832C337C40E}.Release|Any CPU.Build.0 = Release|Any CPU
	EndGlobalSection
	GlobalSection(SolutionProperties) = preSolution
		HideSolutionNode = FALSE
	EndGlobalSection
	GlobalSection(ExtensibilityGlobals) = postSolution
		SolutionGuid = {B95AF26A-370F-401E-A893-1F49E27EAE57}
	EndGlobalSection
EndGlobal
